// !$*UTF8*$!
{
	archiveVersion = 1;
	classes = {
	};
	objectVersion = 60;
	objects = {

/* Begin PBXBuildFile section */
		6F1F1EE52C2BF06F00C4ECB5 /* AppDelegate.swift in Sources */ = {isa = PBXBuildFile; fileRef = 6F1F1EE42C2BF06F00C4ECB5 /* AppDelegate.swift */; };
		6F1F1EE72C2BF06F00C4ECB5 /* SceneDelegate.swift in Sources */ = {isa = PBXBuildFile; fileRef = 6F1F1EE62C2BF06F00C4ECB5 /* SceneDelegate.swift */; };
		6F1F1EE92C2BF06F00C4ECB5 /* HomeViewController.swift in Sources */ = {isa = PBXBuildFile; fileRef = 6F1F1EE82C2BF06F00C4ECB5 /* HomeViewController.swift */; };
		6F1F1EEF2C2BF06F00C4ECB5 /* NomikStarluxAPP.xcdatamodeld in Sources */ = {isa = PBXBuildFile; fileRef = 6F1F1EED2C2BF06F00C4ECB5 /* NomikStarluxAPP.xcdatamodeld */; };
		6F1F1EF12C2BF07000C4ECB5 /* Assets.xcassets in Resources */ = {isa = PBXBuildFile; fileRef = 6F1F1EF02C2BF07000C4ECB5 /* Assets.xcassets */; };
		6F1F1EF42C2BF07000C4ECB5 /* Base in Resources */ = {isa = PBXBuildFile; fileRef = 6F1F1EF32C2BF07000C4ECB5 /* Base */; };
		6F1F1EFF2C2BF07000C4ECB5 /* NomikStarluxAPPTests.swift in Sources */ = {isa = PBXBuildFile; fileRef = 6F1F1EFE2C2BF07000C4ECB5 /* NomikStarluxAPPTests.swift */; };
		6F1F1F092C2BF07000C4ECB5 /* NomikStarluxAPPUITests.swift in Sources */ = {isa = PBXBuildFile; fileRef = 6F1F1F082C2BF07000C4ECB5 /* NomikStarluxAPPUITests.swift */; };
		6F1F1F0B2C2BF07000C4ECB5 /* NomikStarluxAPPUITestsLaunchTests.swift in Sources */ = {isa = PBXBuildFile; fileRef = 6F1F1F0A2C2BF07000C4ECB5 /* NomikStarluxAPPUITestsLaunchTests.swift */; };
		6F1F1F1D2C2BF1EA00C4ECB5 /* TabBarViewController.swift in Sources */ = {isa = PBXBuildFile; fileRef = 6F1F1F1C2C2BF1EA00C4ECB5 /* TabBarViewController.swift */; };
		6F1F1F212C2BF79300C4ECB5 /* JourneyViewController.swift in Sources */ = {isa = PBXBuildFile; fileRef = 6F1F1F202C2BF79300C4ECB5 /* JourneyViewController.swift */; };
		6F1F1F232C2BF7D900C4ECB5 /* CosmileViewController.swift in Sources */ = {isa = PBXBuildFile; fileRef = 6F1F1F222C2BF7D900C4ECB5 /* CosmileViewController.swift */; };
		6F1F1F252C2BF82000C4ECB5 /* ManageViewController.swift in Sources */ = {isa = PBXBuildFile; fileRef = 6F1F1F242C2BF82000C4ECB5 /* ManageViewController.swift */; };
		6F1F1F272C2BF85A00C4ECB5 /* MoreViewController.swift in Sources */ = {isa = PBXBuildFile; fileRef = 6F1F1F262C2BF85A00C4ECB5 /* MoreViewController.swift */; };
		6F1F1F2A2C2C090700C4ECB5 /* IntoBackViewController.swift in Sources */ = {isa = PBXBuildFile; fileRef = 6F1F1F292C2C090700C4ECB5 /* IntoBackViewController.swift */; };
/* End PBXBuildFile section */

/* Begin PBXContainerItemProxy section */
		6F1F1EFB2C2BF07000C4ECB5 /* PBXContainerItemProxy */ = {
			isa = PBXContainerItemProxy;
			containerPortal = 6F1F1ED92C2BF06F00C4ECB5 /* Project object */;
			proxyType = 1;
			remoteGlobalIDString = 6F1F1EE02C2BF06F00C4ECB5;
			remoteInfo = NomikStarluxAPP;
		};
		6F1F1F052C2BF07000C4ECB5 /* PBXContainerItemProxy */ = {
			isa = PBXContainerItemProxy;
			containerPortal = 6F1F1ED92C2BF06F00C4ECB5 /* Project object */;
			proxyType = 1;
			remoteGlobalIDString = 6F1F1EE02C2BF06F00C4ECB5;
			remoteInfo = NomikStarluxAPP;
		};
/* End PBXContainerItemProxy section */

/* Begin PBXFileReference section */
		6F1F1EE12C2BF06F00C4ECB5 /* NomikStarluxAPP.app */ = {isa = PBXFileReference; explicitFileType = wrapper.application; includeInIndex = 0; path = NomikStarluxAPP.app; sourceTree = BUILT_PRODUCTS_DIR; };
		6F1F1EE42C2BF06F00C4ECB5 /* AppDelegate.swift */ = {isa = PBXFileReference; lastKnownFileType = sourcecode.swift; path = AppDelegate.swift; sourceTree = "<group>"; };
		6F1F1EE62C2BF06F00C4ECB5 /* SceneDelegate.swift */ = {isa = PBXFileReference; lastKnownFileType = sourcecode.swift; path = SceneDelegate.swift; sourceTree = "<group>"; };
		6F1F1EE82C2BF06F00C4ECB5 /* HomeViewController.swift */ = {isa = PBXFileReference; lastKnownFileType = sourcecode.swift; path = HomeViewController.swift; sourceTree = "<group>"; };
		6F1F1EEE2C2BF06F00C4ECB5 /* NomikStarluxAPP.xcdatamodel */ = {isa = PBXFileReference; lastKnownFileType = wrapper.xcdatamodel; path = NomikStarluxAPP.xcdatamodel; sourceTree = "<group>"; };
		6F1F1EF02C2BF07000C4ECB5 /* Assets.xcassets */ = {isa = PBXFileReference; lastKnownFileType = folder.assetcatalog; path = Assets.xcassets; sourceTree = "<group>"; };
		6F1F1EF32C2BF07000C4ECB5 /* Base */ = {isa = PBXFileReference; lastKnownFileType = file.storyboard; name = Base; path = Base.lproj/LaunchScreen.storyboard; sourceTree = "<group>"; };
		6F1F1EF52C2BF07000C4ECB5 /* Info.plist */ = {isa = PBXFileReference; lastKnownFileType = text.plist.xml; path = Info.plist; sourceTree = "<group>"; };
		6F1F1EFA2C2BF07000C4ECB5 /* NomikStarluxAPPTests.xctest */ = {isa = PBXFileReference; explicitFileType = wrapper.cfbundle; includeInIndex = 0; path = NomikStarluxAPPTests.xctest; sourceTree = BUILT_PRODUCTS_DIR; };
		6F1F1EFE2C2BF07000C4ECB5 /* NomikStarluxAPPTests.swift */ = {isa = PBXFileReference; lastKnownFileType = sourcecode.swift; path = NomikStarluxAPPTests.swift; sourceTree = "<group>"; };
		6F1F1F042C2BF07000C4ECB5 /* NomikStarluxAPPUITests.xctest */ = {isa = PBXFileReference; explicitFileType = wrapper.cfbundle; includeInIndex = 0; path = NomikStarluxAPPUITests.xctest; sourceTree = BUILT_PRODUCTS_DIR; };
		6F1F1F082C2BF07000C4ECB5 /* NomikStarluxAPPUITests.swift */ = {isa = PBXFileReference; lastKnownFileType = sourcecode.swift; path = NomikStarluxAPPUITests.swift; sourceTree = "<group>"; };
		6F1F1F0A2C2BF07000C4ECB5 /* NomikStarluxAPPUITestsLaunchTests.swift */ = {isa = PBXFileReference; lastKnownFileType = sourcecode.swift; path = NomikStarluxAPPUITestsLaunchTests.swift; sourceTree = "<group>"; };
		6F1F1F1C2C2BF1EA00C4ECB5 /* TabBarViewController.swift */ = {isa = PBXFileReference; lastKnownFileType = sourcecode.swift; path = TabBarViewController.swift; sourceTree = "<group>"; };
		6F1F1F202C2BF79300C4ECB5 /* JourneyViewController.swift */ = {isa = PBXFileReference; lastKnownFileType = sourcecode.swift; path = JourneyViewController.swift; sourceTree = "<group>"; };
		6F1F1F222C2BF7D900C4ECB5 /* CosmileViewController.swift */ = {isa = PBXFileReference; lastKnownFileType = sourcecode.swift; path = CosmileViewController.swift; sourceTree = "<group>"; };
		6F1F1F242C2BF82000C4ECB5 /* ManageViewController.swift */ = {isa = PBXFileReference; lastKnownFileType = sourcecode.swift; path = ManageViewController.swift; sourceTree = "<group>"; };
		6F1F1F262C2BF85A00C4ECB5 /* MoreViewController.swift */ = {isa = PBXFileReference; lastKnownFileType = sourcecode.swift; path = MoreViewController.swift; sourceTree = "<group>"; };
		6F1F1F292C2C090700C4ECB5 /* IntoBackViewController.swift */ = {isa = PBXFileReference; lastKnownFileType = sourcecode.swift; path = IntoBackViewController.swift; sourceTree = "<group>"; };
/* End PBXFileReference section */

/* Begin PBXFrameworksBuildPhase section */
		6F1F1EDE2C2BF06F00C4ECB5 /* Frameworks */ = {
			isa = PBXFrameworksBuildPhase;
			buildActionMask = 2147483647;
			files = (
			);
			runOnlyForDeploymentPostprocessing = 0;
		};
		6F1F1EF72C2BF07000C4ECB5 /* Frameworks */ = {
			isa = PBXFrameworksBuildPhase;
			buildActionMask = 2147483647;
			files = (
			);
			runOnlyForDeploymentPostprocessing = 0;
		};
		6F1F1F012C2BF07000C4ECB5 /* Frameworks */ = {
			isa = PBXFrameworksBuildPhase;
			buildActionMask = 2147483647;
			files = (
			);
			runOnlyForDeploymentPostprocessing = 0;
		};
/* End PBXFrameworksBuildPhase section */

/* Begin PBXGroup section */
		6F1F1ED82C2BF06F00C4ECB5 = {
			isa = PBXGroup;
			children = (
				6F1F1EE32C2BF06F00C4ECB5 /* NomikStarluxAPP */,
				6F1F1EFD2C2BF07000C4ECB5 /* NomikStarluxAPPTests */,
				6F1F1F072C2BF07000C4ECB5 /* NomikStarluxAPPUITests */,
				6F1F1EE22C2BF06F00C4ECB5 /* Products */,
			);
			sourceTree = "<group>";
		};
		6F1F1EE22C2BF06F00C4ECB5 /* Products */ = {
			isa = PBXGroup;
			children = (
				6F1F1EE12C2BF06F00C4ECB5 /* NomikStarluxAPP.app */,
				6F1F1EFA2C2BF07000C4ECB5 /* NomikStarluxAPPTests.xctest */,
				6F1F1F042C2BF07000C4ECB5 /* NomikStarluxAPPUITests.xctest */,
			);
			name = Products;
			sourceTree = "<group>";
		};
		6F1F1EE32C2BF06F00C4ECB5 /* NomikStarluxAPP */ = {
			isa = PBXGroup;
			children = (
				6F1F1F1B2C2BF17A00C4ECB5 /* ViewModels */,
				6F1F1F1A2C2BF17300C4ECB5 /* Views */,
				6F1F1F192C2BF16300C4ECB5 /* Models */,
				6F1F1F182C2BF13A00C4ECB5 /* Controllers */,
				6F1F1F172C2BF10400C4ECB5 /* Resources */,
				6F1F1EF52C2BF07000C4ECB5 /* Info.plist */,
				6F1F1EED2C2BF06F00C4ECB5 /* NomikStarluxAPP.xcdatamodeld */,
			);
			path = NomikStarluxAPP;
			sourceTree = "<group>";
		};
		6F1F1EFD2C2BF07000C4ECB5 /* NomikStarluxAPPTests */ = {
			isa = PBXGroup;
			children = (
				6F1F1EFE2C2BF07000C4ECB5 /* NomikStarluxAPPTests.swift */,
			);
			path = NomikStarluxAPPTests;
			sourceTree = "<group>";
		};
		6F1F1F072C2BF07000C4ECB5 /* NomikStarluxAPPUITests */ = {
			isa = PBXGroup;
			children = (
				6F1F1F082C2BF07000C4ECB5 /* NomikStarluxAPPUITests.swift */,
				6F1F1F0A2C2BF07000C4ECB5 /* NomikStarluxAPPUITestsLaunchTests.swift */,
			);
			path = NomikStarluxAPPUITests;
			sourceTree = "<group>";
		};
		6F1F1F172C2BF10400C4ECB5 /* Resources */ = {
			isa = PBXGroup;
			children = (
				6F1F1EE42C2BF06F00C4ECB5 /* AppDelegate.swift */,
				6F1F1EE62C2BF06F00C4ECB5 /* SceneDelegate.swift */,
				6F1F1EF02C2BF07000C4ECB5 /* Assets.xcassets */,
				6F1F1EF22C2BF07000C4ECB5 /* LaunchScreen.storyboard */,
			);
			path = Resources;
			sourceTree = "<group>";
		};
		6F1F1F182C2BF13A00C4ECB5 /* Controllers */ = {
			isa = PBXGroup;
			children = (
				6F1F1F2B2C2E5CBF00C4ECB5 /* Supporting */,
				6F1F1F282C2C08AA00C4ECB5 /* Onboarding */,
				6F1F1F1C2C2BF1EA00C4ECB5 /* TabBarViewController.swift */,
				6F1F1EE82C2BF06F00C4ECB5 /* HomeViewController.swift */,
				6F1F1F202C2BF79300C4ECB5 /* JourneyViewController.swift */,
				6F1F1F222C2BF7D900C4ECB5 /* CosmileViewController.swift */,
				6F1F1F242C2BF82000C4ECB5 /* ManageViewController.swift */,
				6F1F1F262C2BF85A00C4ECB5 /* MoreViewController.swift */,
			);
			path = Controllers;
			sourceTree = "<group>";
		};
		6F1F1F192C2BF16300C4ECB5 /* Models */ = {
			isa = PBXGroup;
			children = (
			);
			path = Models;
			sourceTree = "<group>";
		};
		6F1F1F1A2C2BF17300C4ECB5 /* Views */ = {
			isa = PBXGroup;
			children = (
			);
			path = Views;
			sourceTree = "<group>";
		};
		6F1F1F1B2C2BF17A00C4ECB5 /* ViewModels */ = {
			isa = PBXGroup;
			children = (
			);
			path = ViewModels;
			sourceTree = "<group>";
		};
		6F1F1F282C2C08AA00C4ECB5 /* Onboarding */ = {
			isa = PBXGroup;
			children = (
				6F1F1F292C2C090700C4ECB5 /* IntoBackViewController.swift */,
			);
			path = Onboarding;
			sourceTree = "<group>";
		};
		6F1F1F2B2C2E5CBF00C4ECB5 /* Supporting */ = {
			isa = PBXGroup;
			children = (
			);
			path = Supporting;
			sourceTree = "<group>";
		};
/* End PBXGroup section */

/* Begin PBXNativeTarget section */
		6F1F1EE02C2BF06F00C4ECB5 /* NomikStarluxAPP */ = {
			isa = PBXNativeTarget;
			buildConfigurationList = 6F1F1F0E2C2BF07000C4ECB5 /* Build configuration list for PBXNativeTarget "NomikStarluxAPP" */;
			buildPhases = (
				6F1F1EDD2C2BF06F00C4ECB5 /* Sources */,
				6F1F1EDE2C2BF06F00C4ECB5 /* Frameworks */,
				6F1F1EDF2C2BF06F00C4ECB5 /* Resources */,
			);
			buildRules = (
			);
			dependencies = (
			);
			name = NomikStarluxAPP;
			productName = NomikStarluxAPP;
			productReference = 6F1F1EE12C2BF06F00C4ECB5 /* NomikStarluxAPP.app */;
			productType = "com.apple.product-type.application";
		};
		6F1F1EF92C2BF07000C4ECB5 /* NomikStarluxAPPTests */ = {
			isa = PBXNativeTarget;
			buildConfigurationList = 6F1F1F112C2BF07000C4ECB5 /* Build configuration list for PBXNativeTarget "NomikStarluxAPPTests" */;
			buildPhases = (
				6F1F1EF62C2BF07000C4ECB5 /* Sources */,
				6F1F1EF72C2BF07000C4ECB5 /* Frameworks */,
				6F1F1EF82C2BF07000C4ECB5 /* Resources */,
			);
			buildRules = (
			);
			dependencies = (
				6F1F1EFC2C2BF07000C4ECB5 /* PBXTargetDependency */,
			);
			name = NomikStarluxAPPTests;
			productName = NomikStarluxAPPTests;
			productReference = 6F1F1EFA2C2BF07000C4ECB5 /* NomikStarluxAPPTests.xctest */;
			productType = "com.apple.product-type.bundle.unit-test";
		};
		6F1F1F032C2BF07000C4ECB5 /* NomikStarluxAPPUITests */ = {
			isa = PBXNativeTarget;
			buildConfigurationList = 6F1F1F142C2BF07000C4ECB5 /* Build configuration list for PBXNativeTarget "NomikStarluxAPPUITests" */;
			buildPhases = (
				6F1F1F002C2BF07000C4ECB5 /* Sources */,
				6F1F1F012C2BF07000C4ECB5 /* Frameworks */,
				6F1F1F022C2BF07000C4ECB5 /* Resources */,
			);
			buildRules = (
			);
			dependencies = (
				6F1F1F062C2BF07000C4ECB5 /* PBXTargetDependency */,
			);
			name = NomikStarluxAPPUITests;
			productName = NomikStarluxAPPUITests;
			productReference = 6F1F1F042C2BF07000C4ECB5 /* NomikStarluxAPPUITests.xctest */;
			productType = "com.apple.product-type.bundle.ui-testing";
		};
/* End PBXNativeTarget section */

/* Begin PBXProject section */
		6F1F1ED92C2BF06F00C4ECB5 /* Project object */ = {
			isa = PBXProject;
			attributes = {
				BuildIndependentTargetsInParallel = 1;
				LastSwiftUpdateCheck = 1600;
				LastUpgradeCheck = 1600;
				TargetAttributes = {
					6F1F1EE02C2BF06F00C4ECB5 = {
						CreatedOnToolsVersion = 16.0;
					};
					6F1F1EF92C2BF07000C4ECB5 = {
						CreatedOnToolsVersion = 16.0;
						TestTargetID = 6F1F1EE02C2BF06F00C4ECB5;
					};
					6F1F1F032C2BF07000C4ECB5 = {
						CreatedOnToolsVersion = 16.0;
						TestTargetID = 6F1F1EE02C2BF06F00C4ECB5;
					};
				};
			};
			buildConfigurationList = 6F1F1EDC2C2BF06F00C4ECB5 /* Build configuration list for PBXProject "NomikStarluxAPP" */;
			compatibilityVersion = "Xcode 15.0";
			developmentRegion = en;
			hasScannedForEncodings = 0;
			knownRegions = (
				en,
				Base,
			);
			mainGroup = 6F1F1ED82C2BF06F00C4ECB5;
			productRefGroup = 6F1F1EE22C2BF06F00C4ECB5 /* Products */;
			projectDirPath = "";
			projectRoot = "";
			targets = (
				6F1F1EE02C2BF06F00C4ECB5 /* NomikStarluxAPP */,
				6F1F1EF92C2BF07000C4ECB5 /* NomikStarluxAPPTests */,
				6F1F1F032C2BF07000C4ECB5 /* NomikStarluxAPPUITests */,
			);
		};
/* End PBXProject section */

/* Begin PBXResourcesBuildPhase section */
		6F1F1EDF2C2BF06F00C4ECB5 /* Resources */ = {
			isa = PBXResourcesBuildPhase;
			buildActionMask = 2147483647;
			files = (
				6F1F1EF12C2BF07000C4ECB5 /* Assets.xcassets in Resources */,
				6F1F1EF42C2BF07000C4ECB5 /* Base in Resources */,
			);
			runOnlyForDeploymentPostprocessing = 0;
		};
		6F1F1EF82C2BF07000C4ECB5 /* Resources */ = {
			isa = PBXResourcesBuildPhase;
			buildActionMask = 2147483647;
			files = (
			);
			runOnlyForDeploymentPostprocessing = 0;
		};
		6F1F1F022C2BF07000C4ECB5 /* Resources */ = {
			isa = PBXResourcesBuildPhase;
			buildActionMask = 2147483647;
			files = (
			);
			runOnlyForDeploymentPostprocessing = 0;
		};
/* End PBXResourcesBuildPhase section */

/* Begin PBXSourcesBuildPhase section */
		6F1F1EDD2C2BF06F00C4ECB5 /* Sources */ = {
			isa = PBXSourcesBuildPhase;
			buildActionMask = 2147483647;
			files = (
				6F1F1F272C2BF85A00C4ECB5 /* MoreViewController.swift in Sources */,
				6F1F1EE92C2BF06F00C4ECB5 /* HomeViewController.swift in Sources */,
				6F1F1F232C2BF7D900C4ECB5 /* CosmileViewController.swift in Sources */,
				6F1F1EE52C2BF06F00C4ECB5 /* AppDelegate.swift in Sources */,
				6F1F1EEF2C2BF06F00C4ECB5 /* NomikStarluxAPP.xcdatamodeld in Sources */,
				6F1F1F2A2C2C090700C4ECB5 /* IntoBackViewController.swift in Sources */,
				6F1F1F1D2C2BF1EA00C4ECB5 /* TabBarViewController.swift in Sources */,
				6F1F1F252C2BF82000C4ECB5 /* ManageViewController.swift in Sources */,
				6F1F1EE72C2BF06F00C4ECB5 /* SceneDelegate.swift in Sources */,
				6F1F1F212C2BF79300C4ECB5 /* JourneyViewController.swift in Sources */,
			);
			runOnlyForDeploymentPostprocessing = 0;
		};
		6F1F1EF62C2BF07000C4ECB5 /* Sources */ = {
			isa = PBXSourcesBuildPhase;
			buildActionMask = 2147483647;
			files = (
				6F1F1EFF2C2BF07000C4ECB5 /* NomikStarluxAPPTests.swift in Sources */,
			);
			runOnlyForDeploymentPostprocessing = 0;
		};
		6F1F1F002C2BF07000C4ECB5 /* Sources */ = {
			isa = PBXSourcesBuildPhase;
			buildActionMask = 2147483647;
			files = (
				6F1F1F092C2BF07000C4ECB5 /* NomikStarluxAPPUITests.swift in Sources */,
				6F1F1F0B2C2BF07000C4ECB5 /* NomikStarluxAPPUITestsLaunchTests.swift in Sources */,
			);
			runOnlyForDeploymentPostprocessing = 0;
		};
/* End PBXSourcesBuildPhase section */

/* Begin PBXTargetDependency section */
		6F1F1EFC2C2BF07000C4ECB5 /* PBXTargetDependency */ = {
			isa = PBXTargetDependency;
			target = 6F1F1EE02C2BF06F00C4ECB5 /* NomikStarluxAPP */;
			targetProxy = 6F1F1EFB2C2BF07000C4ECB5 /* PBXContainerItemProxy */;
		};
		6F1F1F062C2BF07000C4ECB5 /* PBXTargetDependency */ = {
			isa = PBXTargetDependency;
			target = 6F1F1EE02C2BF06F00C4ECB5 /* NomikStarluxAPP */;
			targetProxy = 6F1F1F052C2BF07000C4ECB5 /* PBXContainerItemProxy */;
		};
/* End PBXTargetDependency section */

/* Begin PBXVariantGroup section */
		6F1F1EF22C2BF07000C4ECB5 /* LaunchScreen.storyboard */ = {
			isa = PBXVariantGroup;
			children = (
				6F1F1EF32C2BF07000C4ECB5 /* Base */,
			);
			name = LaunchScreen.storyboard;
			sourceTree = "<group>";
		};
/* End PBXVariantGroup section */

/* Begin XCBuildConfiguration section */
		6F1F1F0C2C2BF07000C4ECB5 /* Debug */ = {
			isa = XCBuildConfiguration;
			buildSettings = {
				ALWAYS_SEARCH_USER_PATHS = NO;
				ASSETCATALOG_COMPILER_GENERATE_SWIFT_ASSET_SYMBOL_EXTENSIONS = YES;
				CLANG_ANALYZER_NONNULL = YES;
				CLANG_ANALYZER_NUMBER_OBJECT_CONVERSION = YES_AGGRESSIVE;
				CLANG_CXX_LANGUAGE_STANDARD = "gnu++20";
				CLANG_ENABLE_MODULES = YES;
				CLANG_ENABLE_OBJC_ARC = YES;
				CLANG_ENABLE_OBJC_WEAK = YES;
				CLANG_WARN_BLOCK_CAPTURE_AUTORELEASING = YES;
				CLANG_WARN_BOOL_CONVERSION = YES;
				CLANG_WARN_COMMA = YES;
				CLANG_WARN_CONSTANT_CONVERSION = YES;
				CLANG_WARN_DEPRECATED_OBJC_IMPLEMENTATIONS = YES;
				CLANG_WARN_DIRECT_OBJC_ISA_USAGE = YES_ERROR;
				CLANG_WARN_DOCUMENTATION_COMMENTS = YES;
				CLANG_WARN_EMPTY_BODY = YES;
				CLANG_WARN_ENUM_CONVERSION = YES;
				CLANG_WARN_INFINITE_RECURSION = YES;
				CLANG_WARN_INT_CONVERSION = YES;
				CLANG_WARN_NON_LITERAL_NULL_CONVERSION = YES;
				CLANG_WARN_OBJC_IMPLICIT_RETAIN_SELF = YES;
				CLANG_WARN_OBJC_LITERAL_CONVERSION = YES;
				CLANG_WARN_OBJC_ROOT_CLASS = YES_ERROR;
				CLANG_WARN_QUOTED_INCLUDE_IN_FRAMEWORK_HEADER = YES;
				CLANG_WARN_RANGE_LOOP_ANALYSIS = YES;
				CLANG_WARN_STRICT_PROTOTYPES = YES;
				CLANG_WARN_SUSPICIOUS_MOVE = YES;
				CLANG_WARN_UNGUARDED_AVAILABILITY = YES_AGGRESSIVE;
				CLANG_WARN_UNREACHABLE_CODE = YES;
				CLANG_WARN__DUPLICATE_METHOD_MATCH = YES;
				COPY_PHASE_STRIP = NO;
				DEBUG_INFORMATION_FORMAT = dwarf;
				ENABLE_STRICT_OBJC_MSGSEND = YES;
				ENABLE_TESTABILITY = YES;
				ENABLE_USER_SCRIPT_SANDBOXING = YES;
				GCC_C_LANGUAGE_STANDARD = gnu17;
				GCC_DYNAMIC_NO_PIC = NO;
				GCC_NO_COMMON_BLOCKS = YES;
				GCC_OPTIMIZATION_LEVEL = 0;
				GCC_PREPROCESSOR_DEFINITIONS = (
					"DEBUG=1",
					"$(inherited)",
				);
				GCC_WARN_64_TO_32_BIT_CONVERSION = YES;
				GCC_WARN_ABOUT_RETURN_TYPE = YES_ERROR;
				GCC_WARN_UNDECLARED_SELECTOR = YES;
				GCC_WARN_UNINITIALIZED_AUTOS = YES_AGGRESSIVE;
				GCC_WARN_UNUSED_FUNCTION = YES;
				GCC_WARN_UNUSED_VARIABLE = YES;
				IPHONEOS_DEPLOYMENT_TARGET = 18.0;
				LOCALIZATION_PREFERS_STRING_CATALOGS = YES;
				MTL_ENABLE_DEBUG_INFO = INCLUDE_SOURCE;
				MTL_FAST_MATH = YES;
				ONLY_ACTIVE_ARCH = YES;
				SDKROOT = iphoneos;
				SWIFT_ACTIVE_COMPILATION_CONDITIONS = "DEBUG $(inherited)";
				SWIFT_OPTIMIZATION_LEVEL = "-Onone";
			};
			name = Debug;
		};
		6F1F1F0D2C2BF07000C4ECB5 /* Release */ = {
			isa = XCBuildConfiguration;
			buildSettings = {
				ALWAYS_SEARCH_USER_PATHS = NO;
				ASSETCATALOG_COMPILER_GENERATE_SWIFT_ASSET_SYMBOL_EXTENSIONS = YES;
				CLANG_ANALYZER_NONNULL = YES;
				CLANG_ANALYZER_NUMBER_OBJECT_CONVERSION = YES_AGGRESSIVE;
				CLANG_CXX_LANGUAGE_STANDARD = "gnu++20";
				CLANG_ENABLE_MODULES = YES;
				CLANG_ENABLE_OBJC_ARC = YES;
				CLANG_ENABLE_OBJC_WEAK = YES;
				CLANG_WARN_BLOCK_CAPTURE_AUTORELEASING = YES;
				CLANG_WARN_BOOL_CONVERSION = YES;
				CLANG_WARN_COMMA = YES;
				CLANG_WARN_CONSTANT_CONVERSION = YES;
				CLANG_WARN_DEPRECATED_OBJC_IMPLEMENTATIONS = YES;
				CLANG_WARN_DIRECT_OBJC_ISA_USAGE = YES_ERROR;
				CLANG_WARN_DOCUMENTATION_COMMENTS = YES;
				CLANG_WARN_EMPTY_BODY = YES;
				CLANG_WARN_ENUM_CONVERSION = YES;
				CLANG_WARN_INFINITE_RECURSION = YES;
				CLANG_WARN_INT_CONVERSION = YES;
				CLANG_WARN_NON_LITERAL_NULL_CONVERSION = YES;
				CLANG_WARN_OBJC_IMPLICIT_RETAIN_SELF = YES;
				CLANG_WARN_OBJC_LITERAL_CONVERSION = YES;
				CLANG_WARN_OBJC_ROOT_CLASS = YES_ERROR;
				CLANG_WARN_QUOTED_INCLUDE_IN_FRAMEWORK_HEADER = YES;
				CLANG_WARN_RANGE_LOOP_ANALYSIS = YES;
				CLANG_WARN_STRICT_PROTOTYPES = YES;
				CLANG_WARN_SUSPICIOUS_MOVE = YES;
				CLANG_WARN_UNGUARDED_AVAILABILITY = YES_AGGRESSIVE;
				CLANG_WARN_UNREACHABLE_CODE = YES;
				CLANG_WARN__DUPLICATE_METHOD_MATCH = YES;
				COPY_PHASE_STRIP = NO;
				DEBUG_INFORMATION_FORMAT = "dwarf-with-dsym";
				ENABLE_NS_ASSERTIONS = NO;
				ENABLE_STRICT_OBJC_MSGSEND = YES;
				ENABLE_USER_SCRIPT_SANDBOXING = YES;
				GCC_C_LANGUAGE_STANDARD = gnu17;
				GCC_NO_COMMON_BLOCKS = YES;
				GCC_WARN_64_TO_32_BIT_CONVERSION = YES;
				GCC_WARN_ABOUT_RETURN_TYPE = YES_ERROR;
				GCC_WARN_UNDECLARED_SELECTOR = YES;
				GCC_WARN_UNINITIALIZED_AUTOS = YES_AGGRESSIVE;
				GCC_WARN_UNUSED_FUNCTION = YES;
				GCC_WARN_UNUSED_VARIABLE = YES;
				IPHONEOS_DEPLOYMENT_TARGET = 18.0;
				LOCALIZATION_PREFERS_STRING_CATALOGS = YES;
				MTL_ENABLE_DEBUG_INFO = NO;
				MTL_FAST_MATH = YES;
				SDKROOT = iphoneos;
				SWIFT_COMPILATION_MODE = wholemodule;
				VALIDATE_PRODUCT = YES;
			};
			name = Release;
		};
		6F1F1F0F2C2BF07000C4ECB5 /* Debug */ = {
			isa = XCBuildConfiguration;
			buildSettings = {
				ASSETCATALOG_COMPILER_APPICON_NAME = AppIcon;
				ASSETCATALOG_COMPILER_GLOBAL_ACCENT_COLOR_NAME = AccentColor;
				CODE_SIGN_STYLE = Automatic;
				CURRENT_PROJECT_VERSION = 1;
				DEVELOPMENT_TEAM = R47YA6WR5Y;
				GENERATE_INFOPLIST_FILE = YES;
				INFOPLIST_FILE = NomikStarluxAPP/Info.plist;
				INFOPLIST_KEY_UIApplicationSupportsIndirectInputEvents = YES;
				INFOPLIST_KEY_UILaunchStoryboardName = LaunchScreen;
				INFOPLIST_KEY_UISupportedInterfaceOrientations = UIInterfaceOrientationPortrait;
				INFOPLIST_KEY_UISupportedInterfaceOrientations_iPad = "UIInterfaceOrientationPortrait UIInterfaceOrientationPortraitUpsideDown";
				LD_RUNPATH_SEARCH_PATHS = (
					"$(inherited)",
					"@executable_path/Frameworks",
				);
				MARKETING_VERSION = 1.0;
				PRODUCT_BUNDLE_IDENTIFIER = nomikPlan.NomikStarluxAPP;
				PRODUCT_NAME = "$(TARGET_NAME)";
				SUPPORTED_PLATFORMS = "iphoneos iphonesimulator";
				SUPPORTS_MACCATALYST = NO;
				SUPPORTS_MAC_DESIGNED_FOR_IPHONE_IPAD = NO;
				SUPPORTS_XR_DESIGNED_FOR_IPHONE_IPAD = NO;
				SWIFT_EMIT_LOC_STRINGS = YES;
				SWIFT_VERSION = 5.0;
				TARGETED_DEVICE_FAMILY = "1,2";
			};
			name = Debug;
		};
		6F1F1F102C2BF07000C4ECB5 /* Release */ = {
			isa = XCBuildConfiguration;
			buildSettings = {
				ASSETCATALOG_COMPILER_APPICON_NAME = AppIcon;
				ASSETCATALOG_COMPILER_GLOBAL_ACCENT_COLOR_NAME = AccentColor;
				CODE_SIGN_STYLE = Automatic;
				CURRENT_PROJECT_VERSION = 1;
				DEVELOPMENT_TEAM = R47YA6WR5Y;
				GENERATE_INFOPLIST_FILE = YES;
				INFOPLIST_FILE = NomikStarluxAPP/Info.plist;
				INFOPLIST_KEY_UIApplicationSupportsIndirectInputEvents = YES;
				INFOPLIST_KEY_UILaunchStoryboardName = LaunchScreen;
				INFOPLIST_KEY_UISupportedInterfaceOrientations = UIInterfaceOrientationPortrait;
				INFOPLIST_KEY_UISupportedInterfaceOrientations_iPad = "UIInterfaceOrientationPortrait UIInterfaceOrientationPortraitUpsideDown";
				LD_RUNPATH_SEARCH_PATHS = (
					"$(inherited)",
					"@executable_path/Frameworks",
				);
				MARKETING_VERSION = 1.0;
				PRODUCT_BUNDLE_IDENTIFIER = nomikPlan.NomikStarluxAPP;
				PRODUCT_NAME = "$(TARGET_NAME)";
				SUPPORTED_PLATFORMS = "iphoneos iphonesimulator";
				SUPPORTS_MACCATALYST = NO;
				SUPPORTS_MAC_DESIGNED_FOR_IPHONE_IPAD = NO;
				SUPPORTS_XR_DESIGNED_FOR_IPHONE_IPAD = NO;
				SWIFT_EMIT_LOC_STRINGS = YES;
				SWIFT_VERSION = 5.0;
				TARGETED_DEVICE_FAMILY = "1,2";
			};
			name = Release;
		};
		6F1F1F122C2BF07000C4ECB5 /* Debug */ = {
			isa = XCBuildConfiguration;
			buildSettings = {
				BUNDLE_LOADER = "$(TEST_HOST)";
				CODE_SIGN_STYLE = Automatic;
				CURRENT_PROJECT_VERSION = 1;
				DEVELOPMENT_TEAM = R47YA6WR5Y;
				GENERATE_INFOPLIST_FILE = YES;
				IPHONEOS_DEPLOYMENT_TARGET = 18.0;
				MARKETING_VERSION = 1.0;
				PRODUCT_BUNDLE_IDENTIFIER = nomikPlan.NomikStarluxAPPTests;
				PRODUCT_NAME = "$(TARGET_NAME)";
				SWIFT_EMIT_LOC_STRINGS = NO;
				SWIFT_VERSION = 5.0;
				TARGETED_DEVICE_FAMILY = "1,2";
				TEST_HOST = "$(BUILT_PRODUCTS_DIR)/NomikStarluxAPP.app/$(BUNDLE_EXECUTABLE_FOLDER_PATH)/NomikStarluxAPP";
			};
			name = Debug;
		};
		6F1F1F132C2BF07000C4ECB5 /* Release */ = {
			isa = XCBuildConfiguration;
			buildSettings = {
				BUNDLE_LOADER = "$(TEST_HOST)";
				CODE_SIGN_STYLE = Automatic;
				CURRENT_PROJECT_VERSION = 1;
				DEVELOPMENT_TEAM = R47YA6WR5Y;
				GENERATE_INFOPLIST_FILE = YES;
				IPHONEOS_DEPLOYMENT_TARGET = 18.0;
				MARKETING_VERSION = 1.0;
				PRODUCT_BUNDLE_IDENTIFIER = nomikPlan.NomikStarluxAPPTests;
				PRODUCT_NAME = "$(TARGET_NAME)";
				SWIFT_EMIT_LOC_STRINGS = NO;
				SWIFT_VERSION = 5.0;
				TARGETED_DEVICE_FAMILY = "1,2";
				TEST_HOST = "$(BUILT_PRODUCTS_DIR)/NomikStarluxAPP.app/$(BUNDLE_EXECUTABLE_FOLDER_PATH)/NomikStarluxAPP";
			};
			name = Release;
		};
		6F1F1F152C2BF07000C4ECB5 /* Debug */ = {
			isa = XCBuildConfiguration;
			buildSettings = {
				CODE_SIGN_STYLE = Automatic;
				CURRENT_PROJECT_VERSION = 1;
				DEVELOPMENT_TEAM = R47YA6WR5Y;
				GENERATE_INFOPLIST_FILE = YES;
				MARKETING_VERSION = 1.0;
				PRODUCT_BUNDLE_IDENTIFIER = nomikPlan.NomikStarluxAPPUITests;
				PRODUCT_NAME = "$(TARGET_NAME)";
				SWIFT_EMIT_LOC_STRINGS = NO;
				SWIFT_VERSION = 5.0;
				TARGETED_DEVICE_FAMILY = "1,2";
				TEST_TARGET_NAME = NomikStarluxAPP;
			};
			name = Debug;
		};
		6F1F1F162C2BF07000C4ECB5 /* Release */ = {
			isa = XCBuildConfiguration;
			buildSettings = {
				CODE_SIGN_STYLE = Automatic;
				CURRENT_PROJECT_VERSION = 1;
				DEVELOPMENT_TEAM = R47YA6WR5Y;
				GENERATE_INFOPLIST_FILE = YES;
				MARKETING_VERSION = 1.0;
				PRODUCT_BUNDLE_IDENTIFIER = nomikPlan.NomikStarluxAPPUITests;
				PRODUCT_NAME = "$(TARGET_NAME)";
				SWIFT_EMIT_LOC_STRINGS = NO;
				SWIFT_VERSION = 5.0;
				TARGETED_DEVICE_FAMILY = "1,2";
				TEST_TARGET_NAME = NomikStarluxAPP;
			};
			name = Release;
		};
/* End XCBuildConfiguration section */

/* Begin XCConfigurationList section */
		6F1F1EDC2C2BF06F00C4ECB5 /* Build configuration list for PBXProject "NomikStarluxAPP" */ = {
			isa = XCConfigurationList;
			buildConfigurations = (
				6F1F1F0C2C2BF07000C4ECB5 /* Debug */,
				6F1F1F0D2C2BF07000C4ECB5 /* Release */,
			);
			defaultConfigurationIsVisible = 0;
			defaultConfigurationName = Release;
		};
		6F1F1F0E2C2BF07000C4ECB5 /* Build configuration list for PBXNativeTarget "NomikStarluxAPP" */ = {
			isa = XCConfigurationList;
			buildConfigurations = (
				6F1F1F0F2C2BF07000C4ECB5 /* Debug */,
				6F1F1F102C2BF07000C4ECB5 /* Release */,
			);
			defaultConfigurationIsVisible = 0;
			defaultConfigurationName = Release;
		};
		6F1F1F112C2BF07000C4ECB5 /* Build configuration list for PBXNativeTarget "NomikStarluxAPPTests" */ = {
			isa = XCConfigurationList;
			buildConfigurations = (
				6F1F1F122C2BF07000C4ECB5 /* Debug */,
				6F1F1F132C2BF07000C4ECB5 /* Release */,
			);
			defaultConfigurationIsVisible = 0;
			defaultConfigurationName = Release;
		};
		6F1F1F142C2BF07000C4ECB5 /* Build configuration list for PBXNativeTarget "NomikStarluxAPPUITests" */ = {
			isa = XCConfigurationList;
			buildConfigurations = (
				6F1F1F152C2BF07000C4ECB5 /* Debug */,
				6F1F1F162C2BF07000C4ECB5 /* Release */,
			);
			defaultConfigurationIsVisible = 0;
			defaultConfigurationName = Release;
		};
/* End XCConfigurationList section */

/* Begin XCVersionGroup section */
		6F1F1EED2C2BF06F00C4ECB5 /* NomikStarluxAPP.xcdatamodeld */ = {
			isa = XCVersionGroup;
			children = (
				6F1F1EEE2C2BF06F00C4ECB5 /* NomikStarluxAPP.xcdatamodel */,
			);
			currentVersion = 6F1F1EEE2C2BF06F00C4ECB5 /* NomikStarluxAPP.xcdatamodel */;
			path = NomikStarluxAPP.xcdatamodeld;
			sourceTree = "<group>";
			versionGroupType = wrapper.xcdatamodel;
		};
/* End XCVersionGroup section */
	};
	rootObject = 6F1F1ED92C2BF06F00C4ECB5 /* Project object */;
}
